{
  "requires": true,
  "lockfileVersion": 1,
  "dependencies": {
    "brazilian-values": {
      "version": "0.10.1",
      "resolved": "https://registry.npmjs.org/brazilian-values/-/brazilian-values-0.10.1.tgz",
      "integrity": "sha512-HruDLDug8oD2lydSEP/L7JJTNcgwTH2uIdXUQKRKjwqHDMbSsJ0Hxi5GOJwxPYBrAx2a6RZXnUbG8krjbw4GGw=="
    }
  }
}
